
Microsoft Visual Studio Solution File, Format Version 12.00
# Visual Studio 15
Project("{FAE04EC0-301F-11D3-BF4B-00C04F79EFBC}") = "Assembly-CSharp-Editor", "Assembly-CSharp-Editor.csproj", "{0FFEAB08-5563-DF1D-C7E8-BE4DD5CDEDFC}"
EndProject
Project("{FAE04EC0-301F-11D3-BF4B-00C04F79EFBC}") = "Assembly-CSharp", "Assembly-CSharp.csproj", "{1EAA0229-F88C-C10C-CBB8-B615D50E8744}"
EndProject
Global
	GlobalSection(SolutionConfigurationPlatforms) = preSolution
		Debug|Any CPU = Debug|Any CPU
		Release|Any CPU = Release|Any CPU
	EndGlobalSection
	GlobalSection(ProjectConfigurationPlatforms) = postSolution
		{0FFEAB08-5563-DF1D-C7E8-BE4DD5CDEDFC}.Debug|Any CPU.ActiveCfg = Debug|Any CPU
		{0FFEAB08-5563-DF1D-C7E8-BE4DD5CDEDFC}.Debug|Any CPU.Build.0 = Debug|Any CPU
		{0FFEAB08-5563-DF1D-C7E8-BE4DD5CDEDFC}.Release|Any CPU.ActiveCfg = Release|Any CPU
		{0FFEAB08-5563-DF1D-C7E8-BE4DD5CDEDFC}.Release|Any CPU.Build.0 = Release|Any CPU
		{1EAA0229-F88C-C10C-CBB8-B615D50E8744}.Debug|Any CPU.ActiveCfg = Debug|Any CPU
		{1EAA0229-F88C-C10C-CBB8-B615D50E8744}.Debug|Any CPU.Build.0 = Debug|Any CPU
		{1EAA0229-F88C-C10C-CBB8-B615D50E8744}.Release|Any CPU.ActiveCfg = Release|Any CPU
		{1EAA0229-F88C-C10C-CBB8-B615D50E8744}.Release|Any CPU.Build.0 = Release|Any CPU
	EndGlobalSection
	GlobalSection(SolutionProperties) = preSolution
		HideSolutionNode = FALSE
	EndGlobalSection
EndGlobal
